
Microsoft Visual Studio Solution File, Format Version 12.00
# Visual Studio Version 16
VisualStudioVersion = 25.0.1706.9
MinimumVisualStudioVersion = 10.0.40219.1
Project("{FAE04EC0-301F-11D3-BF4B-00C04F79EFBC}") = "AspNetStudents", "AspNetStudents\AspNetStudents.csproj", "{C17C7BAA-0D73-4AF1-B4FC-DF8222955A1A}"
EndProject
Global
	GlobalSection(SolutionConfigurationPlatforms) = preSolution
		Debug|Any CPU = Debug|Any CPU
		Release|Any CPU = Release|Any CPU
	EndGlobalSection
	GlobalSection(ProjectConfigurationPlatforms) = postSolution
		{C17C7BAA-0D73-4AF1-B4FC-DF8222955A1A}.Debug|Any CPU.ActiveCfg = Debug|Any CPU
		{C17C7BAA-0D73-4AF1-B4FC-DF8222955A1A}.Debug|Any CPU.Build.0 = Debug|Any CPU
		{C17C7BAA-0D73-4AF1-B4FC-DF8222955A1A}.Release|Any CPU.ActiveCfg = Release|Any CPU
		{C17C7BAA-0D73-4AF1-B4FC-DF8222955A1A}.Release|Any CPU.Build.0 = Release|Any CPU
	EndGlobalSection
	GlobalSection(SolutionProperties) = preSolution
		HideSolutionNode = FALSE
	EndGlobalSection
	GlobalSection(ExtensibilityGlobals) = postSolution
		SolutionGuid = {39C78E30-0276-4FE3-B425-B8AFDA867159}
	EndGlobalSection
EndGlobal
